
Microsoft Visual Studio Solution File, Format Version 12.00
# Visual Studio Version 17
VisualStudioVersion = 17.5.2.0
MinimumVisualStudioVersion = 10.0.40219.1
Project("{FAE04EC0-301F-11D3-BF4B-00C04F79EFBC}") = "AgenticUberData", "AgenticUberData\AgenticUberData.csproj", "{E2C64B9F-1BB1-9B42-23F7-6FDB13EA6256}"
EndProject
Project("{FAE04EC0-301F-11D3-BF4B-00C04F79EFBC}") = "AgenticUberData.Evaluation", "AgenticUberData.Evaluation\AgenticUberData.Evaluation.csproj", "{0A703B26-8856-41AE-94E9-489E6014E97D}"
EndProject
Global
	GlobalSection(SolutionConfigurationPlatforms) = preSolution
		Debug|Any CPU = Debug|Any CPU
		Debug|x64 = Debug|x64
		Debug|x86 = Debug|x86
		Release|Any CPU = Release|Any CPU
		Release|x64 = Release|x64
		Release|x86 = Release|x86
	EndGlobalSection
	GlobalSection(ProjectConfigurationPlatforms) = postSolution
		{E2C64B9F-1BB1-9B42-23F7-6FDB13EA6256}.Debug|Any CPU.ActiveCfg = Debug|Any CPU
		{E2C64B9F-1BB1-9B42-23F7-6FDB13EA6256}.Debug|Any CPU.Build.0 = Debug|Any CPU
		{E2C64B9F-1BB1-9B42-23F7-6FDB13EA6256}.Debug|x64.ActiveCfg = Debug|Any CPU
		{E2C64B9F-1BB1-9B42-23F7-6FDB13EA6256}.Debug|x64.Build.0 = Debug|Any CPU
		{E2C64B9F-1BB1-9B42-23F7-6FDB13EA6256}.Debug|x86.ActiveCfg = Debug|Any CPU
		{E2C64B9F-1BB1-9B42-23F7-6FDB13EA6256}.Debug|x86.Build.0 = Debug|Any CPU
		{E2C64B9F-1BB1-9B42-23F7-6FDB13EA6256}.Release|Any CPU.ActiveCfg = Release|Any CPU
		{E2C64B9F-1BB1-9B42-23F7-6FDB13EA6256}.Release|Any CPU.Build.0 = Release|Any CPU
		{E2C64B9F-1BB1-9B42-23F7-6FDB13EA6256}.Release|x64.ActiveCfg = Release|Any CPU
		{E2C64B9F-1BB1-9B42-23F7-6FDB13EA6256}.Release|x64.Build.0 = Release|Any CPU
		{E2C64B9F-1BB1-9B42-23F7-6FDB13EA6256}.Release|x86.ActiveCfg = Release|Any CPU
		{E2C64B9F-1BB1-9B42-23F7-6FDB13EA6256}.Release|x86.Build.0 = Release|Any CPU
		{0A703B26-8856-41AE-94E9-489E6014E97D}.Debug|Any CPU.ActiveCfg = Debug|Any CPU
		{0A703B26-8856-41AE-94E9-489E6014E97D}.Debug|Any CPU.Build.0 = Debug|Any CPU
		{0A703B26-8856-41AE-94E9-489E6014E97D}.Debug|x64.ActiveCfg = Debug|Any CPU
		{0A703B26-8856-41AE-94E9-489E6014E97D}.Debug|x64.Build.0 = Debug|Any CPU
		{0A703B26-8856-41AE-94E9-489E6014E97D}.Debug|x86.ActiveCfg = Debug|Any CPU
		{0A703B26-8856-41AE-94E9-489E6014E97D}.Debug|x86.Build.0 = Debug|Any CPU
		{0A703B26-8856-41AE-94E9-489E6014E97D}.Release|Any CPU.ActiveCfg = Release|Any CPU
		{0A703B26-8856-41AE-94E9-489E6014E97D}.Release|Any CPU.Build.0 = Release|Any CPU
		{0A703B26-8856-41AE-94E9-489E6014E97D}.Release|x64.ActiveCfg = Release|Any CPU
		{0A703B26-8856-41AE-94E9-489E6014E97D}.Release|x64.Build.0 = Release|Any CPU
		{0A703B26-8856-41AE-94E9-489E6014E97D}.Release|x86.ActiveCfg = Release|Any CPU
		{0A703B26-8856-41AE-94E9-489E6014E97D}.Release|x86.Build.0 = Release|Any CPU
	EndGlobalSection
	GlobalSection(SolutionProperties) = preSolution
		HideSolutionNode = FALSE
	EndGlobalSection
	GlobalSection(ExtensibilityGlobals) = postSolution
		SolutionGuid = {044D2235-E537-4163-AC99-03CBB4CE0819}
	EndGlobalSection
EndGlobal
